
Microsoft Visual Studio Solution File, Format Version 12.00
# Visual Studio 15
VisualStudioVersion = 15.0.26430.12
MinimumVisualStudioVersion = 10.0.40219.1
Project("{FAE04EC0-301F-11D3-BF4B-00C04F79EFBC}") = "SUM", "SUM\SUM.csproj", "{31B71888-F657-4EA2-AA6F-D54085441493}"
EndProject
Global
	GlobalSection(SolutionConfigurationPlatforms) = preSolution
		Debug|Any CPU = Debug|Any CPU
		Release|Any CPU = Release|Any CPU
	EndGlobalSection
	GlobalSection(ProjectConfigurationPlatforms) = postSolution
		{31B71888-F657-4EA2-AA6F-D54085441493}.Debug|Any CPU.ActiveCfg = Debug|Any CPU
		{31B71888-F657-4EA2-AA6F-D54085441493}.Debug|Any CPU.Build.0 = Debug|Any CPU
		{31B71888-F657-4EA2-AA6F-D54085441493}.Release|Any CPU.ActiveCfg = Release|Any CPU
		{31B71888-F657-4EA2-AA6F-D54085441493}.Release|Any CPU.Build.0 = Release|Any CPU
	EndGlobalSection
	GlobalSection(SolutionProperties) = preSolution
		HideSolutionNode = FALSE
	EndGlobalSection
	GlobalSection(TeamFoundationVersionControl) = preSolution
		SccNumberOfProjects = 2
		SccEnterpriseProvider = {4CA58AB2-18FA-4F8D-95D4-32DDF27D184C}
		SccTeamFoundationServer = https://bcra-ac.visualstudio.com/
		SccLocalPath0 = .
		SccProjectUniqueName1 = SUM\\SUM.csproj
		SccProjectName1 = SUM
		SccLocalPath1 = SUM
	EndGlobalSection
EndGlobal
